
Microsoft Visual Studio Solution File, Format Version 12.00
# Visual Studio 15
VisualStudioVersion = 15.0.28307.1082
MinimumVisualStudioVersion = 10.0.40219.1
Project("{FAE04EC0-301F-11D3-BF4B-00C04F79EFBC}") = "Client", "Client\Client.csproj", "{E23B5593-CD58-4F22-B186-5D811BF9591E}"
EndProject
Project("{FAE04EC0-301F-11D3-BF4B-00C04F79EFBC}") = "Parser", "Parser\Parser.csproj", "{F29AFEBD-1578-47A9-88E7-49E47BEC1E89}"
EndProject
Project("{2150E333-8FDC-42A3-9474-1A3956D46DE8}") = "Tests", "Tests", "{2537FE37-B87B-484F-9BA7-B1CC93C17797}"
EndProject
Project("{FAE04EC0-301F-11D3-BF4B-00C04F79EFBC}") = "ClientTests", "Tests\ClientTests.csproj", "{785F9D9D-85E6-4E8D-A18D-3DD99531723D}"
EndProject
Project("{FAE04EC0-301F-11D3-BF4B-00C04F79EFBC}") = "VirtualUI", "VirtualUI\VirtualUI.csproj", "{77AA1531-CAFA-4A87-8BFB-688E9C127653}"
EndProject
Project("{FAE04EC0-301F-11D3-BF4B-00C04F79EFBC}") = "UIController", "UIController\UIController.csproj", "{7D4A608E-CC32-4C00-8057-25AF56E7A198}"
EndProject
Project("{FAE04EC0-301F-11D3-BF4B-00C04F79EFBC}") = "UI", "UI\UI.csproj", "{5EB22B46-D42C-4D6D-B56A-AFFAA89E1B65}"
EndProject
Project("{FAE04EC0-301F-11D3-BF4B-00C04F79EFBC}") = "VirtualUITest", "VirtualUITest\VirtualUITest.csproj", "{1B0CF627-5CF9-4A08-A99D-91D44D0AEBB5}"
EndProject
Project("{FAE04EC0-301F-11D3-BF4B-00C04F79EFBC}") = "UIControllerTest", "UIControllerTest\UIControllerTest.csproj", "{E65854B4-82A6-42E5-99B0-161E3B73CEC8}"
EndProject
Global
	GlobalSection(SolutionConfigurationPlatforms) = preSolution
		Debug|Any CPU = Debug|Any CPU
		Release|Any CPU = Release|Any CPU
	EndGlobalSection
	GlobalSection(ProjectConfigurationPlatforms) = postSolution
		{E23B5593-CD58-4F22-B186-5D811BF9591E}.Debug|Any CPU.ActiveCfg = Debug|Any CPU
		{E23B5593-CD58-4F22-B186-5D811BF9591E}.Debug|Any CPU.Build.0 = Debug|Any CPU
		{E23B5593-CD58-4F22-B186-5D811BF9591E}.Release|Any CPU.ActiveCfg = Release|Any CPU
		{E23B5593-CD58-4F22-B186-5D811BF9591E}.Release|Any CPU.Build.0 = Release|Any CPU
		{F29AFEBD-1578-47A9-88E7-49E47BEC1E89}.Debug|Any CPU.ActiveCfg = Debug|Any CPU
		{F29AFEBD-1578-47A9-88E7-49E47BEC1E89}.Debug|Any CPU.Build.0 = Debug|Any CPU
		{F29AFEBD-1578-47A9-88E7-49E47BEC1E89}.Release|Any CPU.ActiveCfg = Release|Any CPU
		{F29AFEBD-1578-47A9-88E7-49E47BEC1E89}.Release|Any CPU.Build.0 = Release|Any CPU
		{785F9D9D-85E6-4E8D-A18D-3DD99531723D}.Debug|Any CPU.ActiveCfg = Debug|Any CPU
		{785F9D9D-85E6-4E8D-A18D-3DD99531723D}.Debug|Any CPU.Build.0 = Debug|Any CPU
		{785F9D9D-85E6-4E8D-A18D-3DD99531723D}.Release|Any CPU.ActiveCfg = Release|Any CPU
		{785F9D9D-85E6-4E8D-A18D-3DD99531723D}.Release|Any CPU.Build.0 = Release|Any CPU
		{77AA1531-CAFA-4A87-8BFB-688E9C127653}.Debug|Any CPU.ActiveCfg = Debug|Any CPU
		{77AA1531-CAFA-4A87-8BFB-688E9C127653}.Debug|Any CPU.Build.0 = Debug|Any CPU
		{77AA1531-CAFA-4A87-8BFB-688E9C127653}.Release|Any CPU.ActiveCfg = Release|Any CPU
		{77AA1531-CAFA-4A87-8BFB-688E9C127653}.Release|Any CPU.Build.0 = Release|Any CPU
		{7D4A608E-CC32-4C00-8057-25AF56E7A198}.Debug|Any CPU.ActiveCfg = Debug|Any CPU
		{7D4A608E-CC32-4C00-8057-25AF56E7A198}.Debug|Any CPU.Build.0 = Debug|Any CPU
		{7D4A608E-CC32-4C00-8057-25AF56E7A198}.Release|Any CPU.ActiveCfg = Release|Any CPU
		{7D4A608E-CC32-4C00-8057-25AF56E7A198}.Release|Any CPU.Build.0 = Release|Any CPU
		{5EB22B46-D42C-4D6D-B56A-AFFAA89E1B65}.Debug|Any CPU.ActiveCfg = Debug|Any CPU
		{5EB22B46-D42C-4D6D-B56A-AFFAA89E1B65}.Debug|Any CPU.Build.0 = Debug|Any CPU
		{5EB22B46-D42C-4D6D-B56A-AFFAA89E1B65}.Release|Any CPU.ActiveCfg = Release|Any CPU
		{5EB22B46-D42C-4D6D-B56A-AFFAA89E1B65}.Release|Any CPU.Build.0 = Release|Any CPU
		{1B0CF627-5CF9-4A08-A99D-91D44D0AEBB5}.Debug|Any CPU.ActiveCfg = Debug|Any CPU
		{1B0CF627-5CF9-4A08-A99D-91D44D0AEBB5}.Debug|Any CPU.Build.0 = Debug|Any CPU
		{1B0CF627-5CF9-4A08-A99D-91D44D0AEBB5}.Release|Any CPU.ActiveCfg = Release|Any CPU
		{1B0CF627-5CF9-4A08-A99D-91D44D0AEBB5}.Release|Any CPU.Build.0 = Release|Any CPU
		{E65854B4-82A6-42E5-99B0-161E3B73CEC8}.Debug|Any CPU.ActiveCfg = Debug|Any CPU
		{E65854B4-82A6-42E5-99B0-161E3B73CEC8}.Debug|Any CPU.Build.0 = Debug|Any CPU
		{E65854B4-82A6-42E5-99B0-161E3B73CEC8}.Release|Any CPU.ActiveCfg = Release|Any CPU
		{E65854B4-82A6-42E5-99B0-161E3B73CEC8}.Release|Any CPU.Build.0 = Release|Any CPU
	EndGlobalSection
	GlobalSection(SolutionProperties) = preSolution
		HideSolutionNode = FALSE
	EndGlobalSection
	GlobalSection(NestedProjects) = preSolution
		{785F9D9D-85E6-4E8D-A18D-3DD99531723D} = {2537FE37-B87B-484F-9BA7-B1CC93C17797}
		{1B0CF627-5CF9-4A08-A99D-91D44D0AEBB5} = {2537FE37-B87B-484F-9BA7-B1CC93C17797}
		{E65854B4-82A6-42E5-99B0-161E3B73CEC8} = {2537FE37-B87B-484F-9BA7-B1CC93C17797}
	EndGlobalSection
	GlobalSection(ExtensibilityGlobals) = postSolution
		SolutionGuid = {D2657070-2841-462C-B9DB-DC143DA7A0B7}
	EndGlobalSection
EndGlobal
